
Microsoft Visual Studio Solution File, Format Version 12.00
# Visual Studio Version 16
VisualStudioVersion = 16.0.29230.61
MinimumVisualStudioVersion = 10.0.40219.1
Project("{FAE04EC0-301F-11D3-BF4B-00C04F79EFBC}") = "WebApplication1", "WebApplication1\WebApplication1.csproj", "{C8568992-9056-4438-87F9-03B3D168B82A}"
EndProject
Project("{FAE04EC0-301F-11D3-BF4B-00C04F79EFBC}") = "XUnitTestProject1", "XUnitTestProject1\XUnitTestProject1.csproj", "{DEF129FA-6340-4942-8F6C-A6C64F99A53D}"
EndProject
Project("{FAE04EC0-301F-11D3-BF4B-00C04F79EFBC}") = "DAL", "DAL\DAL.csproj", "{708D5886-0896-4491-AAB8-8604ECFA91C9}"
EndProject
Global
	GlobalSection(SolutionConfigurationPlatforms) = preSolution
		Debug|Any CPU = Debug|Any CPU
		Release|Any CPU = Release|Any CPU
	EndGlobalSection
	GlobalSection(ProjectConfigurationPlatforms) = postSolution
		{C8568992-9056-4438-87F9-03B3D168B82A}.Debug|Any CPU.ActiveCfg = Debug|Any CPU
		{C8568992-9056-4438-87F9-03B3D168B82A}.Debug|Any CPU.Build.0 = Debug|Any CPU
		{C8568992-9056-4438-87F9-03B3D168B82A}.Release|Any CPU.ActiveCfg = Release|Any CPU
		{C8568992-9056-4438-87F9-03B3D168B82A}.Release|Any CPU.Build.0 = Release|Any CPU
		{DEF129FA-6340-4942-8F6C-A6C64F99A53D}.Debug|Any CPU.ActiveCfg = Debug|Any CPU
		{DEF129FA-6340-4942-8F6C-A6C64F99A53D}.Debug|Any CPU.Build.0 = Debug|Any CPU
		{DEF129FA-6340-4942-8F6C-A6C64F99A53D}.Release|Any CPU.ActiveCfg = Release|Any CPU
		{DEF129FA-6340-4942-8F6C-A6C64F99A53D}.Release|Any CPU.Build.0 = Release|Any CPU
		{708D5886-0896-4491-AAB8-8604ECFA91C9}.Debug|Any CPU.ActiveCfg = Debug|Any CPU
		{708D5886-0896-4491-AAB8-8604ECFA91C9}.Debug|Any CPU.Build.0 = Debug|Any CPU
		{708D5886-0896-4491-AAB8-8604ECFA91C9}.Release|Any CPU.ActiveCfg = Release|Any CPU
		{708D5886-0896-4491-AAB8-8604ECFA91C9}.Release|Any CPU.Build.0 = Release|Any CPU
	EndGlobalSection
	GlobalSection(SolutionProperties) = preSolution
		HideSolutionNode = FALSE
	EndGlobalSection
	GlobalSection(ExtensibilityGlobals) = postSolution
		SolutionGuid = {6F80BD1C-EFB8-4962-9BA8-DE0CA4906EAD}
	EndGlobalSection
EndGlobal
